<?xml version="1.0" encoding="utf-8"?>
<Project ToolsVersion="4.0" xmlns="http://schemas.microsoft.com/developer/msbuild/2003">
  <ItemGroup>
    <Filter Include="Library">
      <UniqueIdentifier>{d5173dcf-2786-4f98-bd55-d03549637dfe}</UniqueIdentifier>
    </Filter>
    <Filter Include="Src">
      <UniqueIdentifier>{80d0a5a9-6779-4863-bede-cc22a4986dc5}</UniqueIdentifier>
    </Filter>
    <Filter Include="Src\System">
      <UniqueIdentifier>{f5928314-3ee2-4e39-abfa-d93aa9ee5891}</UniqueIdentifier>
    </Filter>
    <Filter Include="Src\System\Direct3D">
      <UniqueIdentifier>{f193abd5-e51c-466e-a937-722bc9175e9a}</UniqueIdentifier>
    </Filter>
    <Filter Include="Src\System\Utility">
      <UniqueIdentifier>{f5d733b1-5031-4659-a9d4-0dd3add1e5fb}</UniqueIdentifier>
    </Filter>
    <Filter Include="Src\System\Window">
      <UniqueIdentifier>{cb022f2a-c5a2-449b-9b70-5110aff8550f}</UniqueIdentifier>
    </Filter>
    <Filter Include="Library\imgui">
      <UniqueIdentifier>{85e2ada7-3d34-4892-b70a-8b9a433f7438}</UniqueIdentifier>
    </Filter>
    <Filter Include="Library\tinygltf">
      <UniqueIdentifier>{307bfbcd-124f-4ad7-85f5-3fd94f814b1f}</UniqueIdentifier>
    </Filter>
    <Filter Include="Src\System\Shader">
      <UniqueIdentifier>{93543c0c-58fe-4a94-8279-7be3021b65b1}</UniqueIdentifier>
    </Filter>
    <Filter Include="Src\System\Shader\EffectShader">
      <UniqueIdentifier>{3ed945a9-befa-4db2-b780-7714e82626ed}</UniqueIdentifier>
    </Filter>
    <Filter Include="Src\System\Shader\SpriteShader">
      <UniqueIdentifier>{2da4d471-f4e8-4b2d-bdef-b93f91523b8b}</UniqueIdentifier>
    </Filter>
    <Filter Include="Src\System\Shader\StandardShader">
      <UniqueIdentifier>{0a93a6dd-bb60-46dc-820f-6aea10b3b02f}</UniqueIdentifier>
    </Filter>
    <Filter Include="Src\Application">
      <UniqueIdentifier>{d0d0f9cf-dabd-4346-bc9a-d9c04cf42372}</UniqueIdentifier>
    </Filter>
    <Filter Include="Src\System\Audio">
      <UniqueIdentifier>{667d1cb1-5ae5-476f-acd5-14b7d294a95a}</UniqueIdentifier>
    </Filter>
    <Filter Include="Src\Application\Player">
      <UniqueIdentifier>{9257a2a4-0289-41f7-8351-fdca0ff9f1d0}</UniqueIdentifier>
    </Filter>
    <Filter Include="Src\Application\Hit">
      <UniqueIdentifier>{178617d7-478a-4aea-9233-88bcb04e66a2}</UniqueIdentifier>
    </Filter>
    <Filter Include="Src\Application\Target">
      <UniqueIdentifier>{20f53051-418e-4dad-b172-5e10c32c7079}</UniqueIdentifier>
    </Filter>
    <Filter Include="Src\Application\Target\Enemy">
      <UniqueIdentifier>{c8521154-27c0-4fc2-a018-73729b808af4}</UniqueIdentifier>
    </Filter>
    <Filter Include="Src\Application\Target\Item">
      <UniqueIdentifier>{9d3c3646-1e9b-4dc5-82c4-c447e18aff09}</UniqueIdentifier>
    </Filter>
    <Filter Include="Src\Application\Target\TargetBase">
      <UniqueIdentifier>{c834b125-2104-46f1-bd9a-8f5f57504ba3}</UniqueIdentifier>
    </Filter>
    <Filter Include="Src\Application\Target\Enemy\Bird">
      <UniqueIdentifier>{c2112259-6e2f-40ab-86dc-37bed9d62d73}</UniqueIdentifier>
    </Filter>
    <Filter Include="Src\Application\Target\ReflectiveBlock">
      <UniqueIdentifier>{d8f0f1c9-ff9c-438f-9608-eb61ef8900ea}</UniqueIdentifier>
    </Filter>
    <Filter Include="Src\Application\Player\PlayerMove">
      <UniqueIdentifier>{d12cd17a-2cf4-49db-a3f3-c28961aeedb7}</UniqueIdentifier>
    </Filter>
    <Filter Include="Src\Application\Target\Item\Balloon">
      <UniqueIdentifier>{a2d9ecf7-95a0-4a14-952a-268880ab9fe8}</UniqueIdentifier>
    </Filter>
    <Filter Include="Src\Application\Target\Item\Bell">
      <UniqueIdentifier>{af8dfd57-40fe-42d3-9cd6-66f011befe73}</UniqueIdentifier>
    </Filter>
    <Filter Include="Src\Application\Target\Item\Timer">
      <UniqueIdentifier>{eeffa17b-3290-4e35-a4ca-4ea5520d066a}</UniqueIdentifier>
    </Filter>
    <Filter Include="Src\Application\Target\Item\ReflectiveBlockMini">
      <UniqueIdentifier>{e5773d56-5e48-433c-a583-5fea7b1f69d8}</UniqueIdentifier>
    </Filter>
    <Filter Include="Src\Application\Target\Enemy\Ufo">
      <UniqueIdentifier>{db5bb764-46d8-4571-aac9-78931129d6f6}</UniqueIdentifier>
    </Filter>
    <Filter Include="Src\Application\UI">
      <UniqueIdentifier>{1acd3daa-51d1-4cd8-8e5c-eecea1bc8f56}</UniqueIdentifier>
    </Filter>
    <Filter Include="Src\Application\UI\HUD">
      <UniqueIdentifier>{9da78552-251c-4a58-b19f-3ef59f4a5b80}</UniqueIdentifier>
    </Filter>
    <Filter Include="Src\Application\UI\uiBase">
      <UniqueIdentifier>{50474e64-ee24-4a64-a8ed-84ab2ab54951}</UniqueIdentifier>
    </Filter>
    <Filter Include="Src\Application\UI\Score">
      <UniqueIdentifier>{a9b005e8-480d-4266-aca3-0bbedf0ebcb3}</UniqueIdentifier>
    </Filter>
    <Filter Include="Src\Application\UI\CountDown">
      <UniqueIdentifier>{3f11daa6-1b90-4899-86dd-dac23dcb9431}</UniqueIdentifier>
    </Filter>
    <Filter Include="Src\Application\GameScene">
      <UniqueIdentifier>{ae0497ed-b63b-4dcc-9a03-c8b56dd3cf02}</UniqueIdentifier>
    </Filter>
    <Filter Include="Src\Application\SceneBase">
      <UniqueIdentifier>{3a0247f3-b859-420f-b868-a727bde06e5e}</UniqueIdentifier>
    </Filter>
    <Filter Include="Src\Application\SceneManager">
      <UniqueIdentifier>{ce33923e-45a5-493b-a9ca-e99f031ebff7}</UniqueIdentifier>
    </Filter>
    <Filter Include="Src\Application\Bullet">
      <UniqueIdentifier>{05ea4fd6-09b6-478d-9d81-8853605e2fe2}</UniqueIdentifier>
    </Filter>
    <Filter Include="Src\Application\Bullet\RifleBullet">
      <UniqueIdentifier>{b597d7c7-4b4d-4525-ab3c-d335d0ec128f}</UniqueIdentifier>
    </Filter>
    <Filter Include="Src\Application\Bullet\BulletBase">
      <UniqueIdentifier>{a439b274-5388-4f4b-9c29-706ba391aa6a}</UniqueIdentifier>
    </Filter>
    <Filter Include="Src\Application\Bullet\ForecastLine">
      <UniqueIdentifier>{79b54b7d-3cff-4581-89b6-b5ef4841dd39}</UniqueIdentifier>
    </Filter>
    <Filter Include="Src\Application\TitleScene">
      <UniqueIdentifier>{f898cefb-2961-4346-80d8-1bd0ef1d9d2b}</UniqueIdentifier>
    </Filter>
    <Filter Include="Src\Application\ResultScene">
      <UniqueIdentifier>{cc167da0-5b0e-4aca-ad85-86db3df1290e}</UniqueIdentifier>
    </Filter>
  </ItemGroup>
  <ItemGroup>
    <ClInclude Include="src\Pch.h">
      <Filter>Src</Filter>
    </ClInclude>
    <ClInclude Include="..\Library\imgui\imconfig.h">
      <Filter>Library\imgui</Filter>
    </ClInclude>
    <ClInclude Include="..\Library\imgui\imgui.h">
      <Filter>Library\imgui</Filter>
    </ClInclude>
    <ClInclude Include="..\Library\imgui\imgui_impl_dx11.h">
      <Filter>Library\imgui</Filter>
    </ClInclude>
    <ClInclude Include="..\Library\imgui\imgui_impl_win32.h">
      <Filter>Library\imgui</Filter>
    </ClInclude>
    <ClInclude Include="..\Library\imgui\imgui_internal.h">
      <Filter>Library\imgui</Filter>
    </ClInclude>
    <ClInclude Include="..\Library\imgui\imstb_rectpack.h">
      <Filter>Library\imgui</Filter>
    </ClInclude>
    <ClInclude Include="..\Library\imgui\imstb_textedit.h">
      <Filter>Library\imgui</Filter>
    </ClInclude>
    <ClInclude Include="..\Library\imgui\imstb_truetype.h">
      <Filter>Library\imgui</Filter>
    </ClInclude>
    <ClInclude Include="..\Library\imgui\ja_glyph_ranges.h">
      <Filter>Library\imgui</Filter>
    </ClInclude>
    <ClInclude Include="..\Library\tinygltf\json.hpp">
      <Filter>Library\tinygltf</Filter>
    </ClInclude>
    <ClInclude Include="..\Library\tinygltf\stb_image.h">
      <Filter>Library\tinygltf</Filter>
    </ClInclude>
    <ClInclude Include="..\Library\tinygltf\stb_image_write.h">
      <Filter>Library\tinygltf</Filter>
    </ClInclude>
    <ClInclude Include="..\Library\tinygltf\tiny_gltf.h">
      <Filter>Library\tinygltf</Filter>
    </ClInclude>
    <ClInclude Include="Src\Application\main.h">
      <Filter>Src\Application</Filter>
    </ClInclude>
    <ClInclude Include="src\System\Direct3D\KdDirect3D.h">
      <Filter>Src\System\Direct3D</Filter>
    </ClInclude>
    <ClInclude Include="src\System\Direct3D\KdModel.h">
      <Filter>Src\System\Direct3D</Filter>
    </ClInclude>
    <ClInclude Include="src\System\Direct3D\KdTexture.h">
      <Filter>Src\System\Direct3D</Filter>
    </ClInclude>
    <ClInclude Include="src\System\Direct3D\KdBuffer.h">
      <Filter>Src\System\Direct3D</Filter>
    </ClInclude>
    <ClInclude Include="Src\System\Direct3D\KdDirect3DHelper.h">
      <Filter>Src\System\Direct3D</Filter>
    </ClInclude>
    <ClInclude Include="Src\System\Audio\KdAudio.h">
      <Filter>Src\System\Audio</Filter>
    </ClInclude>
    <ClInclude Include="Src\System\Direct3D\KdGLTFLoader.h">
      <Filter>Src\System\Direct3D</Filter>
    </ClInclude>
    <ClInclude Include="Src\System\Shader\KdShaderManager.h">
      <Filter>Src\System\Shader</Filter>
    </ClInclude>
    <ClInclude Include="Src\System\Shader\EffectShader\KdEffectShader.h">
      <Filter>Src\System\Shader\EffectShader</Filter>
    </ClInclude>
    <ClInclude Include="Src\System\Shader\SpriteShader\KdSpriteShader.h">
      <Filter>Src\System\Shader\SpriteShader</Filter>
    </ClInclude>
    <ClInclude Include="Src\System\Shader\StandardShader\KdStandardShader.h">
      <Filter>Src\System\Shader\StandardShader</Filter>
    </ClInclude>
    <ClInclude Include="src\System\Utility\KdUtility.h">
      <Filter>Src\System\Utility</Filter>
    </ClInclude>
    <ClInclude Include="src\System\Window\KdGameWindow.h">
      <Filter>Src\System\Window</Filter>
    </ClInclude>
    <ClInclude Include="src\System\KdSystem.h">
      <Filter>Src\System</Filter>
    </ClInclude>
    <ClInclude Include="..\Library\strconv.h">
      <Filter>Library</Filter>
    </ClInclude>
    <ClInclude Include="Src\Application\Scene.h">
      <Filter>Src\Application</Filter>
    </ClInclude>
    <ClInclude Include="Src\Application\Player\Player.h">
      <Filter>Src\Application\Player</Filter>
    </ClInclude>
    <ClInclude Include="Src\Application\Bullet\BulletBase\BulletBase.h">
      <Filter>Src\Application\Bullet\BulletBase</Filter>
    </ClInclude>
    <ClInclude Include="Src\Application\Bullet\RifleBullet\RifleBullet.h">
      <Filter>Src\Application\Bullet\RifleBullet</Filter>
    </ClInclude>
    <ClInclude Include="Src\Application\HIt\Hit.h">
      <Filter>Src\Application\Hit</Filter>
    </ClInclude>
    <ClInclude Include="Src\Application\Target\TargetBase\TargetBase.h">
      <Filter>Src\Application\Target\TargetBase</Filter>
    </ClInclude>
    <ClInclude Include="Src\Application\Target\Enemy\Bird\Bird.h">
      <Filter>Src\Application\Target\Enemy\Bird</Filter>
    </ClInclude>
    <ClInclude Include="Src\Application\Target\ReflectiveBlock\ReflectiveBlock.h">
      <Filter>Src\Application\Target\ReflectiveBlock</Filter>
    </ClInclude>
    <ClInclude Include="Src\Application\Bullet\ForecastLine\ForecastLine.h">
      <Filter>Src\Application\Bullet\ForecastLine</Filter>
    </ClInclude>
    <ClInclude Include="Src\Application\Player\PlayerMove\PlayerMove.h">
      <Filter>Src\Application\Player\PlayerMove</Filter>
    </ClInclude>
    <ClInclude Include="Src\Application\Target\Item\Timer\Timer.h">
      <Filter>Src\Application\Target\Item\Timer</Filter>
    </ClInclude>
    <ClInclude Include="Src\Application\Target\Item\Balloon\Balloon.h">
      <Filter>Src\Application\Target\Item\Balloon</Filter>
    </ClInclude>
    <ClInclude Include="Src\Application\Target\Item\Bell\Bell.h">
      <Filter>Src\Application\Target\Item\Bell</Filter>
    </ClInclude>
    <ClInclude Include="Src\Application\Target\Item\ReflectiveBlockMini\ReflectiveBlockMini.h">
      <Filter>Src\Application\Target\Item\ReflectiveBlockMini</Filter>
    </ClInclude>
    <ClInclude Include="Src\Application\Target\Enemy\Ufo\Ufo.h">
      <Filter>Src\Application\Target\Enemy\Ufo</Filter>
    </ClInclude>
    <ClInclude Include="Src\Application\UI\HUD\Hud.h">
      <Filter>Src\Application\UI\HUD</Filter>
    </ClInclude>
    <ClInclude Include="Src\Application\UI\uiBase\uiBase.h">
      <Filter>Src\Application\UI\uiBase</Filter>
    </ClInclude>
    <ClInclude Include="Src\Application\UI\Score\Score.h">
      <Filter>Src\Application\UI\Score</Filter>
    </ClInclude>
    <ClInclude Include="Src\Application\UI\CountDown\CountDown.h">
      <Filter>Src\Application\UI\CountDown</Filter>
    </ClInclude>
    <ClInclude Include="Src\Application\GameScene\GameScene.h">
      <Filter>Src\Application\GameScene</Filter>
    </ClInclude>
    <ClInclude Include="Src\Application\SceneBase\SceneBase.h">
      <Filter>Src\Application\SceneBase</Filter>
    </ClInclude>
    <ClInclude Include="Src\Application\SceneManager\SceneManager.h">
      <Filter>Src\Application\SceneManager</Filter>
    </ClInclude>
    <ClInclude Include="Src\Application\TitleScene\TitleScene.h">
      <Filter>Src\Application\TitleScene</Filter>
    </ClInclude>
    <ClInclude Include="Src\Application\ResultScene\ResultScene.h">
      <Filter>Src\Application\ResultScene</Filter>
    </ClInclude>
  </ItemGroup>
  <ItemGroup>
    <ClCompile Include="src\Pch.cpp">
      <Filter>Src</Filter>
    </ClCompile>
    <ClCompile Include="..\Library\imgui\imgui.cpp">
      <Filter>Library\imgui</Filter>
    </ClCompile>
    <ClCompile Include="..\Library\imgui\imgui_demo.cpp">
      <Filter>Library\imgui</Filter>
    </ClCompile>
    <ClCompile Include="..\Library\imgui\imgui_draw.cpp">
      <Filter>Library\imgui</Filter>
    </ClCompile>
    <ClCompile Include="..\Library\imgui\imgui_impl_dx11.cpp">
      <Filter>Library\imgui</Filter>
    </ClCompile>
    <ClCompile Include="..\Library\imgui\imgui_impl_win32.cpp">
      <Filter>Library\imgui</Filter>
    </ClCompile>
    <ClCompile Include="..\Library\imgui\imgui_widgets.cpp">
      <Filter>Library\imgui</Filter>
    </ClCompile>
    <ClCompile Include="Src\Application\main.cpp">
      <Filter>Src\Application</Filter>
    </ClCompile>
    <ClCompile Include="src\System\Direct3D\KdDirect3D.cpp">
      <Filter>Src\System\Direct3D</Filter>
    </ClCompile>
    <ClCompile Include="src\System\Direct3D\KdModel.cpp">
      <Filter>Src\System\Direct3D</Filter>
    </ClCompile>
    <ClCompile Include="src\System\Direct3D\KdTexture.cpp">
      <Filter>Src\System\Direct3D</Filter>
    </ClCompile>
    <ClCompile Include="src\System\Direct3D\KdBuffer.cpp">
      <Filter>Src\System\Direct3D</Filter>
    </ClCompile>
    <ClCompile Include="Src\System\Direct3D\KdDirect3DHelper.cpp">
      <Filter>Src\System\Direct3D</Filter>
    </ClCompile>
    <ClCompile Include="Src\System\Audio\KdAudio.cpp">
      <Filter>Src\System\Audio</Filter>
    </ClCompile>
    <ClCompile Include="Src\System\Direct3D\KdGLTFLoader.cpp">
      <Filter>Src\System\Direct3D</Filter>
    </ClCompile>
    <ClCompile Include="Src\System\Shader\KdShaderManager.cpp">
      <Filter>Src\System\Shader</Filter>
    </ClCompile>
    <ClCompile Include="Src\System\Shader\EffectShader\KdEffectShader.cpp">
      <Filter>Src\System\Shader\EffectShader</Filter>
    </ClCompile>
    <ClCompile Include="Src\System\Shader\SpriteShader\KdSpriteShader.cpp">
      <Filter>Src\System\Shader\SpriteShader</Filter>
    </ClCompile>
    <ClCompile Include="Src\System\Shader\StandardShader\KdStandardShader.cpp">
      <Filter>Src\System\Shader\StandardShader</Filter>
    </ClCompile>
    <ClCompile Include="src\System\Window\KdGameWindow.cpp">
      <Filter>Src\System\Window</Filter>
    </ClCompile>
    <ClCompile Include="Src\Application\Scene.cpp">
      <Filter>Src\Application</Filter>
    </ClCompile>
    <ClCompile Include="Src\Application\Player\Palyer.cpp">
      <Filter>Src\Application\Player</Filter>
    </ClCompile>
    <ClCompile Include="Src\Application\Bullet\BulletBase\BulletBase.cpp">
      <Filter>Src\Application\Bullet\BulletBase</Filter>
    </ClCompile>
    <ClCompile Include="Src\Application\Bullet\RifleBullet\RifleBullet.cpp">
      <Filter>Src\Application\Bullet\RifleBullet</Filter>
    </ClCompile>
    <ClCompile Include="Src\Application\HIt\Hit.cpp">
      <Filter>Src\Application\Hit</Filter>
    </ClCompile>
    <ClCompile Include="Src\Application\Target\TargetBase\TargetBase.cpp">
      <Filter>Src\Application\Target\TargetBase</Filter>
    </ClCompile>
    <ClCompile Include="Src\Application\Target\Enemy\Bird\Bird.cpp">
      <Filter>Src\Application\Target\Enemy\Bird</Filter>
    </ClCompile>
    <ClCompile Include="Src\Application\Target\ReflectiveBlock\ReflectiveBlock.cpp">
      <Filter>Src\Application\Target\ReflectiveBlock</Filter>
    </ClCompile>
    <ClCompile Include="Src\Application\Bullet\ForecastLine\ForecastLine.cpp">
      <Filter>Src\Application\Bullet\ForecastLine</Filter>
    </ClCompile>
    <ClCompile Include="Src\Application\Player\PlayerMove\PlayerMove.cpp">
      <Filter>Src\Application\Player\PlayerMove</Filter>
    </ClCompile>
    <ClCompile Include="Src\Application\Target\Item\Timer\Timer.cpp">
      <Filter>Src\Application\Target\Item\Timer</Filter>
    </ClCompile>
    <ClCompile Include="Src\Application\Target\Item\Balloon\Balloon.cpp">
      <Filter>Src\Application\Target\Item\Balloon</Filter>
    </ClCompile>
    <ClCompile Include="Src\Application\Target\Item\Bell\Bell.cpp">
      <Filter>Src\Application\Target\Item\Bell</Filter>
    </ClCompile>
    <ClCompile Include="Src\Application\Target\Item\ReflectiveBlockMini\ReflectiveBlockMini.cpp">
      <Filter>Src\Application\Target\Item\ReflectiveBlockMini</Filter>
    </ClCompile>
    <ClCompile Include="Src\Application\Target\Enemy\Ufo\Ufo.cpp">
      <Filter>Src\Application\Target\Enemy\Ufo</Filter>
    </ClCompile>
    <ClCompile Include="Src\Application\UI\HUD\Hud.cpp">
      <Filter>Src\Application\UI\HUD</Filter>
    </ClCompile>
    <ClCompile Include="Src\Application\UI\uiBase\uiBase.cpp" />
    <ClCompile Include="Src\Application\UI\Score\Score.cpp">
      <Filter>Src\Application\UI\Score</Filter>
    </ClCompile>
    <ClCompile Include="Src\Application\UI\CountDown\CountDown.cpp">
      <Filter>Src\Application\UI\CountDown</Filter>
    </ClCompile>
    <ClCompile Include="Src\Application\GameScene\GameScene.cpp">
      <Filter>Src\Application\GameScene</Filter>
    </ClCompile>
    <ClCompile Include="Src\Application\SceneBase\SceneBase.cpp">
      <Filter>Src\Application\SceneBase</Filter>
    </ClCompile>
    <ClCompile Include="Src\Application\SceneManager\SceneManager.cpp">
      <Filter>Src\Application\SceneManager</Filter>
    </ClCompile>
    <ClCompile Include="Src\Application\TitleScene\TitleScene.cpp">
      <Filter>Src\Application\TitleScene</Filter>
    </ClCompile>
    <ClCompile Include="Src\Application\ResultScene\ResultScene.cpp">
      <Filter>Src\Application\ResultScene</Filter>
    </ClCompile>
  </ItemGroup>
  <ItemGroup>
    <Text Include="説明.txt" />
  </ItemGroup>
  <ItemGroup>
    <None Include="Src\System\Shader\EffectShader\inc_KdEffectShader.hlsli">
      <Filter>Src\System\Shader\EffectShader</Filter>
    </None>
    <None Include="Src\System\Shader\inc_KdCommon.hlsli">
      <Filter>Src\System\Shader</Filter>
    </None>
    <None Include="Src\System\Shader\SpriteShader\inc_KdSpriteShader.hlsli">
      <Filter>Src\System\Shader\SpriteShader</Filter>
    </None>
    <None Include="Src\System\Shader\StandardShader\inc_KdStandardShader.hlsli">
      <Filter>Src\System\Shader\StandardShader</Filter>
    </None>
  </ItemGroup>
  <ItemGroup>
    <FxCompile Include="Src\System\Shader\EffectShader\KdEffectShader_PS.hlsl">
      <Filter>Src\System\Shader\EffectShader</Filter>
    </FxCompile>
    <FxCompile Include="Src\System\Shader\EffectShader\KdEffectShader_VS.hlsl">
      <Filter>Src\System\Shader\EffectShader</Filter>
    </FxCompile>
    <FxCompile Include="Src\System\Shader\SpriteShader\KdSpriteShader_PS.hlsl">
      <Filter>Src\System\Shader\SpriteShader</Filter>
    </FxCompile>
    <FxCompile Include="Src\System\Shader\SpriteShader\KdSpriteShader_VS.hlsl">
      <Filter>Src\System\Shader\SpriteShader</Filter>
    </FxCompile>
    <FxCompile Include="Src\System\Shader\StandardShader\KdStandardShader_PS.hlsl">
      <Filter>Src\System\Shader\StandardShader</Filter>
    </FxCompile>
    <FxCompile Include="Src\System\Shader\StandardShader\KdStandardShader_VS.hlsl">
      <Filter>Src\System\Shader\StandardShader</Filter>
    </FxCompile>
  </ItemGroup>
</Project>